
Microsoft Visual Studio Solution File, Format Version 12.00
# Visual Studio Version 16
VisualStudioVersion = 16.0.29403.142
MinimumVisualStudioVersion = 10.0.40219.1
Project("{FAE04EC0-301F-11D3-BF4B-00C04F79EFBC}") = "DevOpsRecipes", "DevOpsRecipes\DevOpsRecipes.csproj", "{EB0EDBF7-A002-45C8-AD02-F70289145BBB}"
EndProject
Global
	GlobalSection(SolutionConfigurationPlatforms) = preSolution
		Debug|Any CPU = Debug|Any CPU
		Release|Any CPU = Release|Any CPU
	EndGlobalSection
	GlobalSection(ProjectConfigurationPlatforms) = postSolution
		{EB0EDBF7-A002-45C8-AD02-F70289145BBB}.Debug|Any CPU.ActiveCfg = Debug|Any CPU
		{EB0EDBF7-A002-45C8-AD02-F70289145BBB}.Debug|Any CPU.Build.0 = Debug|Any CPU
		{EB0EDBF7-A002-45C8-AD02-F70289145BBB}.Release|Any CPU.ActiveCfg = Release|Any CPU
		{EB0EDBF7-A002-45C8-AD02-F70289145BBB}.Release|Any CPU.Build.0 = Release|Any CPU
	EndGlobalSection
	GlobalSection(SolutionProperties) = preSolution
		HideSolutionNode = FALSE
	EndGlobalSection
	GlobalSection(ExtensibilityGlobals) = postSolution
		SolutionGuid = {45E2FB36-C2BF-4DCB-A68C-9507FF7A04F8}
	EndGlobalSection
EndGlobal
